
Microsoft Visual Studio Solution File, Format Version 12.00
# Visual Studio Version 16
VisualStudioVersion = 16.0.29709.97
MinimumVisualStudioVersion = 10.0.40219.1
Project("{FAE04EC0-301F-11D3-BF4B-00C04F79EFBC}") = "Students", "Students\Students.csproj", "{197351E1-BB17-4C91-AA96-FD6590E47D09}"
EndProject
Global
	GlobalSection(SolutionConfigurationPlatforms) = preSolution
		Debug|Any CPU = Debug|Any CPU
		Release|Any CPU = Release|Any CPU
	EndGlobalSection
	GlobalSection(ProjectConfigurationPlatforms) = postSolution
		{197351E1-BB17-4C91-AA96-FD6590E47D09}.Debug|Any CPU.ActiveCfg = Debug|Any CPU
		{197351E1-BB17-4C91-AA96-FD6590E47D09}.Debug|Any CPU.Build.0 = Debug|Any CPU
		{197351E1-BB17-4C91-AA96-FD6590E47D09}.Release|Any CPU.ActiveCfg = Release|Any CPU
		{197351E1-BB17-4C91-AA96-FD6590E47D09}.Release|Any CPU.Build.0 = Release|Any CPU
	EndGlobalSection
	GlobalSection(SolutionProperties) = preSolution
		HideSolutionNode = FALSE
	EndGlobalSection
	GlobalSection(ExtensibilityGlobals) = postSolution
		SolutionGuid = {2666ED80-A996-4E55-AC08-099BD9961366}
	EndGlobalSection
EndGlobal
